// !$*UTF8*$!
{
	archiveVersion = 1;
	classes = {
	};
	objectVersion = 46;
	objects = {

/* Begin PBXBuildFile section */
		0181EE69A94C7B54DF75D836 /* Pods.framework in Frameworks */ = {isa = PBXBuildFile; fileRef = 500C6620EF688A5DC3ECEC4E /* Pods.framework */; };
		24316DA01C94638B00F3071A /* MovieDetail.swift in Sources */ = {isa = PBXBuildFile; fileRef = 24316D9F1C94638B00F3071A /* MovieDetail.swift */; };
		24316DA31C94830E00F3071A /* MoviesService.swift in Sources */ = {isa = PBXBuildFile; fileRef = 24316DA21C94830E00F3071A /* MoviesService.swift */; };
		24316DA51C949D9C00F3071A /* Date.swift in Sources */ = {isa = PBXBuildFile; fileRef = 24316DA41C949D9C00F3071A /* Date.swift */; };
		24A5D4341C90A907004DB8D3 /* MovieDetailViewController.swift in Sources */ = {isa = PBXBuildFile; fileRef = 24A5D4331C90A907004DB8D3 /* MovieDetailViewController.swift */; };
		24A5D4361C91AA75004DB8D3 /* Movie.swift in Sources */ = {isa = PBXBuildFile; fileRef = 24A5D4351C91AA75004DB8D3 /* Movie.swift */; };
		24A5D4391C91F32B004DB8D3 /* Network.swift in Sources */ = {isa = PBXBuildFile; fileRef = 24A5D4381C91F32B004DB8D3 /* Network.swift */; };
		24B8230E1C8AA66400CE874C /* AppDelegate.swift in Sources */ = {isa = PBXBuildFile; fileRef = 24B8230D1C8AA66400CE874C /* AppDelegate.swift */; };
		24B823101C8AA66400CE874C /* MoviesViewController.swift in Sources */ = {isa = PBXBuildFile; fileRef = 24B8230F1C8AA66400CE874C /* MoviesViewController.swift */; };
		24B823131C8AA66400CE874C /* Main.storyboard in Resources */ = {isa = PBXBuildFile; fileRef = 24B823111C8AA66400CE874C /* Main.storyboard */; };
		24B823151C8AA66400CE874C /* Assets.xcassets in Resources */ = {isa = PBXBuildFile; fileRef = 24B823141C8AA66400CE874C /* Assets.xcassets */; };
		24B823181C8AA66400CE874C /* LaunchScreen.storyboard in Resources */ = {isa = PBXBuildFile; fileRef = 24B823161C8AA66400CE874C /* LaunchScreen.storyboard */; };
		24B823291C8B0CE700CE874C /* MovieTableView.swift in Sources */ = {isa = PBXBuildFile; fileRef = 24B823251C8B0CE700CE874C /* MovieTableView.swift */; };
		24B823561C8B100F00CE874C /* data.json in Resources */ = {isa = PBXBuildFile; fileRef = 24B823551C8B100F00CE874C /* data.json */; };
		24B8235E1C8C9D3F00CE874C /* MovieTableViewCell.swift in Sources */ = {isa = PBXBuildFile; fileRef = 24B8235D1C8C9D3F00CE874C /* MovieTableViewCell.swift */; };
/* End PBXBuildFile section */

/* Begin PBXFileReference section */
		24316D9F1C94638B00F3071A /* MovieDetail.swift */ = {isa = PBXFileReference; fileEncoding = 4; lastKnownFileType = sourcecode.swift; path = MovieDetail.swift; sourceTree = "<group>"; };
		24316DA21C94830E00F3071A /* MoviesService.swift */ = {isa = PBXFileReference; fileEncoding = 4; lastKnownFileType = sourcecode.swift; path = MoviesService.swift; sourceTree = "<group>"; };
		24316DA41C949D9C00F3071A /* Date.swift */ = {isa = PBXFileReference; fileEncoding = 4; lastKnownFileType = sourcecode.swift; path = Date.swift; sourceTree = "<group>"; };
		24A5D4331C90A907004DB8D3 /* MovieDetailViewController.swift */ = {isa = PBXFileReference; fileEncoding = 4; lastKnownFileType = sourcecode.swift; path = MovieDetailViewController.swift; sourceTree = "<group>"; };
		24A5D4351C91AA75004DB8D3 /* Movie.swift */ = {isa = PBXFileReference; fileEncoding = 4; lastKnownFileType = sourcecode.swift; name = Movie.swift; path = Model/Movie.swift; sourceTree = "<group>"; };
		24A5D4381C91F32B004DB8D3 /* Network.swift */ = {isa = PBXFileReference; fileEncoding = 4; lastKnownFileType = sourcecode.swift; path = Network.swift; sourceTree = "<group>"; };
		24B8230A1C8AA66400CE874C /* assignment1.app */ = {isa = PBXFileReference; explicitFileType = wrapper.application; includeInIndex = 0; path = assignment1.app; sourceTree = BUILT_PRODUCTS_DIR; };
		24B8230D1C8AA66400CE874C /* AppDelegate.swift */ = {isa = PBXFileReference; lastKnownFileType = sourcecode.swift; path = AppDelegate.swift; sourceTree = "<group>"; };
		24B8230F1C8AA66400CE874C /* MoviesViewController.swift */ = {isa = PBXFileReference; lastKnownFileType = sourcecode.swift; path = MoviesViewController.swift; sourceTree = "<group>"; };
		24B823121C8AA66400CE874C /* Base */ = {isa = PBXFileReference; lastKnownFileType = file.storyboard; name = Base; path = Base.lproj/Main.storyboard; sourceTree = "<group>"; };
		24B823141C8AA66400CE874C /* Assets.xcassets */ = {isa = PBXFileReference; lastKnownFileType = folder.assetcatalog; path = Assets.xcassets; sourceTree = "<group>"; };
		24B823171C8AA66400CE874C /* Base */ = {isa = PBXFileReference; lastKnownFileType = file.storyboard; name = Base; path = Base.lproj/LaunchScreen.storyboard; sourceTree = "<group>"; };
		24B823191C8AA66400CE874C /* Info.plist */ = {isa = PBXFileReference; lastKnownFileType = text.plist.xml; path = Info.plist; sourceTree = "<group>"; };
		24B823251C8B0CE700CE874C /* MovieTableView.swift */ = {isa = PBXFileReference; fileEncoding = 4; lastKnownFileType = sourcecode.swift; name = MovieTableView.swift; path = Model/MovieTableView.swift; sourceTree = "<group>"; };
		24B823551C8B100F00CE874C /* data.json */ = {isa = PBXFileReference; fileEncoding = 4; lastKnownFileType = text.json; path = data.json; sourceTree = "<group>"; };
		24B8235D1C8C9D3F00CE874C /* MovieTableViewCell.swift */ = {isa = PBXFileReference; fileEncoding = 4; lastKnownFileType = sourcecode.swift; path = MovieTableViewCell.swift; sourceTree = "<group>"; };
		27694E2D428307ADDBCF69CC /* Pods.debug.xcconfig */ = {isa = PBXFileReference; includeInIndex = 1; lastKnownFileType = text.xcconfig; name = Pods.debug.xcconfig; path = "Pods/Target Support Files/Pods/Pods.debug.xcconfig"; sourceTree = "<group>"; };
		500C6620EF688A5DC3ECEC4E /* Pods.framework */ = {isa = PBXFileReference; explicitFileType = wrapper.framework; includeInIndex = 0; path = Pods.framework; sourceTree = BUILT_PRODUCTS_DIR; };
		A686A1EEB511519E43C36280 /* Pods.release.xcconfig */ = {isa = PBXFileReference; includeInIndex = 1; lastKnownFileType = text.xcconfig; name = Pods.release.xcconfig; path = "Pods/Target Support Files/Pods/Pods.release.xcconfig"; sourceTree = "<group>"; };
/* End PBXFileReference section */

/* Begin PBXFrameworksBuildPhase section */
		24B823071C8AA66400CE874C /* Frameworks */ = {
			isa = PBXFrameworksBuildPhase;
			buildActionMask = 2147483647;
			files = (
				0181EE69A94C7B54DF75D836 /* Pods.framework in Frameworks */,
			);
			runOnlyForDeploymentPostprocessing = 0;
		};
/* End PBXFrameworksBuildPhase section */

/* Begin PBXGroup section */
		24316DA11C9482FC00F3071A /* Services */ = {
			isa = PBXGroup;
			children = (
				24316DA21C94830E00F3071A /* MoviesService.swift */,
			);
			name = Services;
			sourceTree = "<group>";
		};
		2437CFC61C8DD9820002205E /* Views */ = {
			isa = PBXGroup;
			children = (
				2437CFC81C8DD9D40002205E /* TableViews */,
				24B823401C8B0D5E00CE874C /* TableViewCells */,
			);
			name = Views;
			sourceTree = "<group>";
		};
		2437CFC71C8DD98A0002205E /* Controllers */ = {
			isa = PBXGroup;
			children = (
				24B8230F1C8AA66400CE874C /* MoviesViewController.swift */,
				24A5D4331C90A907004DB8D3 /* MovieDetailViewController.swift */,
			);
			name = Controllers;
			sourceTree = "<group>";
		};
		2437CFC81C8DD9D40002205E /* TableViews */ = {
			isa = PBXGroup;
			children = (
				24B823251C8B0CE700CE874C /* MovieTableView.swift */,
			);
			name = TableViews;
			sourceTree = "<group>";
		};
		24A5D4371C91F31D004DB8D3 /* Utilities */ = {
			isa = PBXGroup;
			children = (
				24A5D4381C91F32B004DB8D3 /* Network.swift */,
				24316DA41C949D9C00F3071A /* Date.swift */,
			);
			name = Utilities;
			sourceTree = "<group>";
		};
		24B823011C8AA66400CE874C = {
			isa = PBXGroup;
			children = (
				24B8230C1C8AA66400CE874C /* assignment1 */,
				24B8230B1C8AA66400CE874C /* Products */,
				B691389474258ECB4ED36D17 /* Pods */,
				571E751FB0BF0951FFBDDF6E /* Frameworks */,
			);
			sourceTree = "<group>";
		};
		24B8230B1C8AA66400CE874C /* Products */ = {
			isa = PBXGroup;
			children = (
				24B8230A1C8AA66400CE874C /* assignment1.app */,
			);
			name = Products;
			sourceTree = "<group>";
		};
		24B8230C1C8AA66400CE874C /* assignment1 */ = {
			isa = PBXGroup;
			children = (
				24316DA11C9482FC00F3071A /* Services */,
				24A5D4371C91F31D004DB8D3 /* Utilities */,
				2437CFC71C8DD98A0002205E /* Controllers */,
				2437CFC61C8DD9820002205E /* Views */,
				24B823231C8B0CD200CE874C /* Model */,
				24B8230D1C8AA66400CE874C /* AppDelegate.swift */,
				24B823111C8AA66400CE874C /* Main.storyboard */,
				24B823141C8AA66400CE874C /* Assets.xcassets */,
				24B823161C8AA66400CE874C /* LaunchScreen.storyboard */,
				24B823191C8AA66400CE874C /* Info.plist */,
				24B823551C8B100F00CE874C /* data.json */,
			);
			path = assignment1;
			sourceTree = "<group>";
		};
		24B823231C8B0CD200CE874C /* Model */ = {
			isa = PBXGroup;
			children = (
				24A5D4351C91AA75004DB8D3 /* Movie.swift */,
				24316D9F1C94638B00F3071A /* MovieDetail.swift */,
			);
			name = Model;
			sourceTree = "<group>";
		};
		24B823401C8B0D5E00CE874C /* TableViewCells */ = {
			isa = PBXGroup;
			children = (
				24B8235D1C8C9D3F00CE874C /* MovieTableViewCell.swift */,
			);
			name = TableViewCells;
			sourceTree = "<group>";
		};
		571E751FB0BF0951FFBDDF6E /* Frameworks */ = {
			isa = PBXGroup;
			children = (
				500C6620EF688A5DC3ECEC4E /* Pods.framework */,
			);
			name = Frameworks;
			sourceTree = "<group>";
		};
		B691389474258ECB4ED36D17 /* Pods */ = {
			isa = PBXGroup;
			children = (
				27694E2D428307ADDBCF69CC /* Pods.debug.xcconfig */,
				A686A1EEB511519E43C36280 /* Pods.release.xcconfig */,
			);
			name = Pods;
			sourceTree = "<group>";
		};
/* End PBXGroup section */

/* Begin PBXNativeTarget section */
		24B823091C8AA66400CE874C /* assignment1 */ = {
			isa = PBXNativeTarget;
			buildConfigurationList = 24B8231C1C8AA66400CE874C /* Build configuration list for PBXNativeTarget "assignment1" */;
			buildPhases = (
				F5D63C5FBE7D6054682C07F5 /* Check Pods Manifest.lock */,
				24B823061C8AA66400CE874C /* Sources */,
				24B823071C8AA66400CE874C /* Frameworks */,
				24B823081C8AA66400CE874C /* Resources */,
				DC25FEE4ED3A917422EC2C15 /* Embed Pods Frameworks */,
				69B924F1B57ACDCBD34FA69D /* Copy Pods Resources */,
			);
			buildRules = (
			);
			dependencies = (
			);
			name = assignment1;
			productName = assignment1;
			productReference = 24B8230A1C8AA66400CE874C /* assignment1.app */;
			productType = "com.apple.product-type.application";
		};
/* End PBXNativeTarget section */

/* Begin PBXProject section */
		24B823021C8AA66400CE874C /* Project object */ = {
			isa = PBXProject;
			attributes = {
				LastSwiftUpdateCheck = 0720;
				LastUpgradeCheck = 0720;
				ORGANIZATIONNAME = hvmark;
				TargetAttributes = {
					24B823091C8AA66400CE874C = {
						CreatedOnToolsVersion = 7.2.1;
						DevelopmentTeam = L9QJG53JJN;
					};
				};
			};
			buildConfigurationList = 24B823051C8AA66400CE874C /* Build configuration list for PBXProject "assignment1" */;
			compatibilityVersion = "Xcode 3.2";
			developmentRegion = English;
			hasScannedForEncodings = 0;
			knownRegions = (
				en,
				Base,
			);
			mainGroup = 24B823011C8AA66400CE874C;
			productRefGroup = 24B8230B1C8AA66400CE874C /* Products */;
			projectDirPath = "";
			projectRoot = "";
			targets = (
				24B823091C8AA66400CE874C /* assignment1 */,
			);
		};
/* End PBXProject section */

/* Begin PBXResourcesBuildPhase section */
		24B823081C8AA66400CE874C /* Resources */ = {
			isa = PBXResourcesBuildPhase;
			buildActionMask = 2147483647;
			files = (
				24B823561C8B100F00CE874C /* data.json in Resources */,
				24B823181C8AA66400CE874C /* LaunchScreen.storyboard in Resources */,
				24B823151C8AA66400CE874C /* Assets.xcassets in Resources */,
				24B823131C8AA66400CE874C /* Main.storyboard in Resources */,
			);
			runOnlyForDeploymentPostprocessing = 0;
		};
/* End PBXResourcesBuildPhase section */

/* Begin PBXShellScriptBuildPhase section */
		69B924F1B57ACDCBD34FA69D /* Copy Pods Resources */ = {
			isa = PBXShellScriptBuildPhase;
			buildActionMask = 2147483647;
			files = (
			);
			inputPaths = (
			);
			name = "Copy Pods Resources";
			outputPaths = (
			);
			runOnlyForDeploymentPostprocessing = 0;
			shellPath = /bin/sh;
			shellScript = "\"${SRCROOT}/Pods/Target Support Files/Pods/Pods-resources.sh\"\n";
			showEnvVarsInLog = 0;
		};
		DC25FEE4ED3A917422EC2C15 /* Embed Pods Frameworks */ = {
			isa = PBXShellScriptBuildPhase;
			buildActionMask = 2147483647;
			files = (
			);
			inputPaths = (
			);
			name = "Embed Pods Frameworks";
			outputPaths = (
			);
			runOnlyForDeploymentPostprocessing = 0;
			shellPath = /bin/sh;
			shellScript = "\"${SRCROOT}/Pods/Target Support Files/Pods/Pods-frameworks.sh\"\n";
			showEnvVarsInLog = 0;
		};
		F5D63C5FBE7D6054682C07F5 /* Check Pods Manifest.lock */ = {
			isa = PBXShellScriptBuildPhase;
			buildActionMask = 2147483647;
			files = (
			);
			inputPaths = (
			);
			name = "Check Pods Manifest.lock";
			outputPaths = (
			);
			runOnlyForDeploymentPostprocessing = 0;
			shellPath = /bin/sh;
			shellScript = "diff \"${PODS_ROOT}/../Podfile.lock\" \"${PODS_ROOT}/Manifest.lock\" > /dev/null\nif [[ $? != 0 ]] ; then\n    cat << EOM\nerror: The sandbox is not in sync with the Podfile.lock. Run 'pod install' or update your CocoaPods installation.\nEOM\n    exit 1\nfi\n";
			showEnvVarsInLog = 0;
		};
/* End PBXShellScriptBuildPhase section */

/* Begin PBXSourcesBuildPhase section */
		24B823061C8AA66400CE874C /* Sources */ = {
			isa = PBXSourcesBuildPhase;
			buildActionMask = 2147483647;
			files = (
				24B823291C8B0CE700CE874C /* MovieTableView.swift in Sources */,
				24316DA51C949D9C00F3071A /* Date.swift in Sources */,
				24B823101C8AA66400CE874C /* MoviesViewController.swift in Sources */,
				24A5D4361C91AA75004DB8D3 /* Movie.swift in Sources */,
				24A5D4341C90A907004DB8D3 /* MovieDetailViewController.swift in Sources */,
				24B8235E1C8C9D3F00CE874C /* MovieTableViewCell.swift in Sources */,
				24A5D4391C91F32B004DB8D3 /* Network.swift in Sources */,
				24316DA31C94830E00F3071A /* MoviesService.swift in Sources */,
				24B8230E1C8AA66400CE874C /* AppDelegate.swift in Sources */,
				24316DA01C94638B00F3071A /* MovieDetail.swift in Sources */,
			);
			runOnlyForDeploymentPostprocessing = 0;
		};
/* End PBXSourcesBuildPhase section */

/* Begin PBXVariantGroup section */
		24B823111C8AA66400CE874C /* Main.storyboard */ = {
			isa = PBXVariantGroup;
			children = (
				24B823121C8AA66400CE874C /* Base */,
			);
			name = Main.storyboard;
			sourceTree = "<group>";
		};
		24B823161C8AA66400CE874C /* LaunchScreen.storyboard */ = {
			isa = PBXVariantGroup;
			children = (
				24B823171C8AA66400CE874C /* Base */,
			);
			name = LaunchScreen.storyboard;
			sourceTree = "<group>";
		};
/* End PBXVariantGroup section */

/* Begin XCBuildConfiguration section */
		24B8231A1C8AA66400CE874C /* Debug */ = {
			isa = XCBuildConfiguration;
			buildSettings = {
				ALWAYS_SEARCH_USER_PATHS = NO;
				CLANG_CXX_LANGUAGE_STANDARD = "gnu++0x";
				CLANG_CXX_LIBRARY = "libc++";
				CLANG_ENABLE_MODULES = YES;
				CLANG_ENABLE_OBJC_ARC = YES;
				CLANG_WARN_BOOL_CONVERSION = YES;
				CLANG_WARN_CONSTANT_CONVERSION = YES;
				CLANG_WARN_DIRECT_OBJC_ISA_USAGE = YES_ERROR;
				CLANG_WARN_EMPTY_BODY = YES;
				CLANG_WARN_ENUM_CONVERSION = YES;
				CLANG_WARN_INT_CONVERSION = YES;
				CLANG_WARN_OBJC_ROOT_CLASS = YES_ERROR;
				CLANG_WARN_UNREACHABLE_CODE = YES;
				CLANG_WARN__DUPLICATE_METHOD_MATCH = YES;
				"CODE_SIGN_IDENTITY[sdk=iphoneos*]" = "iPhone Developer";
				COPY_PHASE_STRIP = NO;
				DEBUG_INFORMATION_FORMAT = dwarf;
				ENABLE_STRICT_OBJC_MSGSEND = YES;
				ENABLE_TESTABILITY = YES;
				GCC_C_LANGUAGE_STANDARD = gnu99;
				GCC_DYNAMIC_NO_PIC = NO;
				GCC_NO_COMMON_BLOCKS = YES;
				GCC_OPTIMIZATION_LEVEL = 0;
				GCC_PREPROCESSOR_DEFINITIONS = (
					"DEBUG=1",
					"$(inherited)",
				);
				GCC_WARN_64_TO_32_BIT_CONVERSION = YES;
				GCC_WARN_ABOUT_RETURN_TYPE = YES_ERROR;
				GCC_WARN_UNDECLARED_SELECTOR = YES;
				GCC_WARN_UNINITIALIZED_AUTOS = YES_AGGRESSIVE;
				GCC_WARN_UNUSED_FUNCTION = YES;
				GCC_WARN_UNUSED_VARIABLE = YES;
				IPHONEOS_DEPLOYMENT_TARGET = 9.2;
				MTL_ENABLE_DEBUG_INFO = YES;
				ONLY_ACTIVE_ARCH = YES;
				SDKROOT = iphoneos;
				SWIFT_OPTIMIZATION_LEVEL = "-Onone";
			};
			name = Debug;
		};
		24B8231B1C8AA66400CE874C /* Release */ = {
			isa = XCBuildConfiguration;
			buildSettings = {
				ALWAYS_SEARCH_USER_PATHS = NO;
				CLANG_CXX_LANGUAGE_STANDARD = "gnu++0x";
				CLANG_CXX_LIBRARY = "libc++";
				CLANG_ENABLE_MODULES = YES;
				CLANG_ENABLE_OBJC_ARC = YES;
				CLANG_WARN_BOOL_CONVERSION = YES;
				CLANG_WARN_CONSTANT_CONVERSION = YES;
				CLANG_WARN_DIRECT_OBJC_ISA_USAGE = YES_ERROR;
				CLANG_WARN_EMPTY_BODY = YES;
				CLANG_WARN_ENUM_CONVERSION = YES;
				CLANG_WARN_INT_CONVERSION = YES;
				CLANG_WARN_OBJC_ROOT_CLASS = YES_ERROR;
				CLANG_WARN_UNREACHABLE_CODE = YES;
				CLANG_WARN__DUPLICATE_METHOD_MATCH = YES;
				"CODE_SIGN_IDENTITY[sdk=iphoneos*]" = "iPhone Developer";
				COPY_PHASE_STRIP = NO;
				DEBUG_INFORMATION_FORMAT = "dwarf-with-dsym";
				ENABLE_NS_ASSERTIONS = NO;
				ENABLE_STRICT_OBJC_MSGSEND = YES;
				GCC_C_LANGUAGE_STANDARD = gnu99;
				GCC_NO_COMMON_BLOCKS = YES;
				GCC_WARN_64_TO_32_BIT_CONVERSION = YES;
				GCC_WARN_ABOUT_RETURN_TYPE = YES_ERROR;
				GCC_WARN_UNDECLARED_SELECTOR = YES;
				GCC_WARN_UNINITIALIZED_AUTOS = YES_AGGRESSIVE;
				GCC_WARN_UNUSED_FUNCTION = YES;
				GCC_WARN_UNUSED_VARIABLE = YES;
				IPHONEOS_DEPLOYMENT_TARGET = 9.2;
				MTL_ENABLE_DEBUG_INFO = NO;
				SDKROOT = iphoneos;
				VALIDATE_PRODUCT = YES;
			};
			name = Release;
		};
		24B8231D1C8AA66400CE874C /* Debug */ = {
			isa = XCBuildConfiguration;
			baseConfigurationReference = 27694E2D428307ADDBCF69CC /* Pods.debug.xcconfig */;
			buildSettings = {
				ASSETCATALOG_COMPILER_APPICON_NAME = AppIcon;
				INFOPLIST_FILE = assignment1/Info.plist;
				LD_RUNPATH_SEARCH_PATHS = "$(inherited) @executable_path/Frameworks";
				PRODUCT_BUNDLE_IDENTIFIER = com.hvmark.assignment1;
				PRODUCT_NAME = "$(TARGET_NAME)";
			};
			name = Debug;
		};
		24B8231E1C8AA66400CE874C /* Release */ = {
			isa = XCBuildConfiguration;
			baseConfigurationReference = A686A1EEB511519E43C36280 /* Pods.release.xcconfig */;
			buildSettings = {
				ASSETCATALOG_COMPILER_APPICON_NAME = AppIcon;
				INFOPLIST_FILE = assignment1/Info.plist;
				LD_RUNPATH_SEARCH_PATHS = "$(inherited) @executable_path/Frameworks";
				PRODUCT_BUNDLE_IDENTIFIER = com.hvmark.assignment1;
				PRODUCT_NAME = "$(TARGET_NAME)";
			};
			name = Release;
		};
/* End XCBuildConfiguration section */

/* Begin XCConfigurationList section */
		24B823051C8AA66400CE874C /* Build configuration list for PBXProject "assignment1" */ = {
			isa = XCConfigurationList;
			buildConfigurations = (
				24B8231A1C8AA66400CE874C /* Debug */,
				24B8231B1C8AA66400CE874C /* Release */,
			);
			defaultConfigurationIsVisible = 0;
			defaultConfigurationName = Release;
		};
		24B8231C1C8AA66400CE874C /* Build configuration list for PBXNativeTarget "assignment1" */ = {
			isa = XCConfigurationList;
			buildConfigurations = (
				24B8231D1C8AA66400CE874C /* Debug */,
				24B8231E1C8AA66400CE874C /* Release */,
			);
			defaultConfigurationIsVisible = 0;
			defaultConfigurationName = Release;
		};
/* End XCConfigurationList section */
	};
	rootObject = 24B823021C8AA66400CE874C /* Project object */;
}
