PODS:
  - AFNetworking (2.6.1):
    - AFNetworking/NSURLConnection (= 2.6.1)
    - AFNetworking/NSURLSession (= 2.6.1)
    - AFNetworking/Reachability (= 2.6.1)
    - AFNetworking/Security (= 2.6.1)
    - AFNetworking/Serialization (= 2.6.1)
    - AFNetworking/UIKit (= 2.6.1)
  - AFNetworking/NSURLConnection (2.6.1):
    - AFNetworking/Reachability
    - AFNetworking/Security
    - AFNetworking/Serialization
  - AFNetworking/NSURLSession (2.6.1):
    - AFNetworking/Reachability
    - AFNetworking/Security
    - AFNetworking/Serialization
  - AFNetworking/Reachability (2.6.1)
  - AFNetworking/Security (2.6.1)
  - AFNetworking/Serialization (2.6.1)
  - AFNetworking/UIKit (2.6.1):
    - AFNetworking/NSURLConnection
    - AFNetworking/NSURLSession
  - BDBOAuth1Manager (1.6.0):
    - AFNetworking/NSURLConnection (~> 2.6.0)
    - AFNetworking/NSURLSession (~> 2.6.0)
  - HCSStarRatingView (1.4.3)
  - MBProgressHUD (0.9.1)
  - SwiftyJSON (2.3.2)

DEPENDENCIES:
  - AFNetworking (~> 2.5)
  - BDBOAuth1Manager
  - HCSStarRatingView
  - MBProgressHUD (~> 0.9.1)
  - SwiftyJSON (~> 2.3.2)

SPEC CHECKSUMS:
  AFNetworking: dba5086c9221f9103fcf5d02bb9dbb068c51bb3f
  BDBOAuth1Manager: cc9d59038a2577dd03e0207b424802ece2752b0e
  HCSStarRatingView: 4ea620b546443b533f0695f65e96579e4efd6089
  MBProgressHUD: 2a730b1083f7ef24254b5e524d09a85db08ecc5c
  SwiftyJSON: 666c60f510aa7fbf6397a55bcc1000d1658f653d

COCOAPODS: 0.39.0
